
Microsoft Visual Studio Solution File, Format Version 12.00
# Visual Studio 15
VisualStudioVersion = 15.0.28010.2046
MinimumVisualStudioVersion = 10.0.40219.1
Project("{FAE04EC0-301F-11D3-BF4B-00C04F79EFBC}") = "LMS", "LMS\LMS.csproj", "{D2B75EA1-008D-4E3C-9F1A-E24E748F5B1A}"
EndProject
Project("{FAE04EC0-301F-11D3-BF4B-00C04F79EFBC}") = "LMS.Test", "LMS.Test\LMS.Test.csproj", "{123A2D19-3078-43EF-980E-63C2D0DFEF60}"
EndProject
Global
	GlobalSection(SolutionConfigurationPlatforms) = preSolution
		Debug|Any CPU = Debug|Any CPU
		Release|Any CPU = Release|Any CPU
	EndGlobalSection
	GlobalSection(ProjectConfigurationPlatforms) = postSolution
		{D2B75EA1-008D-4E3C-9F1A-E24E748F5B1A}.Debug|Any CPU.ActiveCfg = Debug|Any CPU
		{D2B75EA1-008D-4E3C-9F1A-E24E748F5B1A}.Debug|Any CPU.Build.0 = Debug|Any CPU
		{D2B75EA1-008D-4E3C-9F1A-E24E748F5B1A}.Release|Any CPU.ActiveCfg = Release|Any CPU
		{D2B75EA1-008D-4E3C-9F1A-E24E748F5B1A}.Release|Any CPU.Build.0 = Release|Any CPU
		{123A2D19-3078-43EF-980E-63C2D0DFEF60}.Debug|Any CPU.ActiveCfg = Debug|Any CPU
		{123A2D19-3078-43EF-980E-63C2D0DFEF60}.Debug|Any CPU.Build.0 = Debug|Any CPU
		{123A2D19-3078-43EF-980E-63C2D0DFEF60}.Release|Any CPU.ActiveCfg = Release|Any CPU
		{123A2D19-3078-43EF-980E-63C2D0DFEF60}.Release|Any CPU.Build.0 = Release|Any CPU
	EndGlobalSection
	GlobalSection(SolutionProperties) = preSolution
		HideSolutionNode = FALSE
	EndGlobalSection
	GlobalSection(ExtensibilityGlobals) = postSolution
		SolutionGuid = {831CEFD2-30E3-4DBE-AF16-D849B00C61F4}
	EndGlobalSection
EndGlobal
